
Microsoft Visual Studio Solution File, Format Version 11.00
# Visual Studio 2010
Project("{FAE04EC0-301F-11D3-BF4B-00C04F79EFBC}") = "GlassButtonGenerator", "GlassButtonGenerator.csproj", "{ADB9E855-0AD8-40E6-949E-4455D6E6C072}"
EndProject
Global
	GlobalSection(SolutionConfigurationPlatforms) = preSolution
		Debug|iPhoneSimulator = Debug|iPhoneSimulator
		Release|iPhoneSimulator = Release|iPhoneSimulator
		Debug|iPhone = Debug|iPhone
		Release|iPhone = Release|iPhone
	EndGlobalSection
	GlobalSection(ProjectConfigurationPlatforms) = postSolution
		{ADB9E855-0AD8-40E6-949E-4455D6E6C072}.Debug|iPhone.ActiveCfg = Debug|iPhone
		{ADB9E855-0AD8-40E6-949E-4455D6E6C072}.Debug|iPhone.Build.0 = Debug|iPhone
		{ADB9E855-0AD8-40E6-949E-4455D6E6C072}.Debug|iPhoneSimulator.ActiveCfg = Debug|iPhoneSimulator
		{ADB9E855-0AD8-40E6-949E-4455D6E6C072}.Debug|iPhoneSimulator.Build.0 = Debug|iPhoneSimulator
		{ADB9E855-0AD8-40E6-949E-4455D6E6C072}.Release|iPhone.ActiveCfg = Release|iPhone
		{ADB9E855-0AD8-40E6-949E-4455D6E6C072}.Release|iPhone.Build.0 = Release|iPhone
		{ADB9E855-0AD8-40E6-949E-4455D6E6C072}.Release|iPhoneSimulator.ActiveCfg = Release|iPhoneSimulator
		{ADB9E855-0AD8-40E6-949E-4455D6E6C072}.Release|iPhoneSimulator.Build.0 = Release|iPhoneSimulator
	EndGlobalSection
	GlobalSection(MonoDevelopProperties) = preSolution
		StartupItem = GlassButtonGenerator.csproj
	EndGlobalSection
EndGlobal
